
Microsoft Visual Studio Solution File, Format Version 12.00
# Visual Studio 15
VisualStudioVersion = 15.0.27428.1
MinimumVisualStudioVersion = 10.0.40219.1
Project("{FAE04EC0-301F-11D3-BF4B-00C04F79EFBC}") = "WindowsFormsApp2", "WindowsFormsApp2\WindowsFormsApp2.csproj", "{B881E55B-CFCE-480B-A27F-72B9F786F2B1}"
EndProject
Global
	GlobalSection(SolutionConfigurationPlatforms) = preSolution
		Debug|Any CPU = Debug|Any CPU
		Release|Any CPU = Release|Any CPU
	EndGlobalSection
	GlobalSection(ProjectConfigurationPlatforms) = postSolution
		{B881E55B-CFCE-480B-A27F-72B9F786F2B1}.Debug|Any CPU.ActiveCfg = Debug|Any CPU
		{B881E55B-CFCE-480B-A27F-72B9F786F2B1}.Debug|Any CPU.Build.0 = Debug|Any CPU
		{B881E55B-CFCE-480B-A27F-72B9F786F2B1}.Release|Any CPU.ActiveCfg = Release|Any CPU
		{B881E55B-CFCE-480B-A27F-72B9F786F2B1}.Release|Any CPU.Build.0 = Release|Any CPU
	EndGlobalSection
	GlobalSection(SolutionProperties) = preSolution
		HideSolutionNode = FALSE
	EndGlobalSection
	GlobalSection(ExtensibilityGlobals) = postSolution
		SolutionGuid = {647130F0-3296-41F4-81EC-8DBDAF9C380F}
	EndGlobalSection
EndGlobal
